# This file was autogenerated by Stack.
# You should not edit this file by hand.
# For more information, please see the documentation at:
#   https://docs.haskellstack.org/en/stable/lock_files

packages:
- completed:
    hackage: csound-expression-5.3.2@sha256:ae99c0581e179ebdf94dda796635f058865a3d9c286636981ce38f16a814879b,4430
    pantry-tree:
      size: 4662
      sha256: fd4c739e6ba589429fe0d1951af89771e4f78871c41a0cd89deeeb4c9da77d5b
  original:
    hackage: csound-expression-5.3.2@sha256:ae99c0581e179ebdf94dda796635f058865a3d9c286636981ce38f16a814879b,4430
- completed:
    hackage: csound-expression-typed-0.2.2.0@sha256:ae5e024b832d0f43694582734c557158d31942a8d33833e9251b4458df07422b,4113
    pantry-tree:
      size: 6959
      sha256: daf78c629b9a58b49e6963f001b7924cb4fe156cd780cc4c6942409fbd1075ed
  original:
    hackage: csound-expression-typed-0.2.2.0@sha256:ae5e024b832d0f43694582734c557158d31942a8d33833e9251b4458df07422b,4113
- completed:
    hackage: csound-sampler-0.0.9.0@sha256:068c18b12d449c8acbf488c79b53cfa8a7cfc6c6275b8231d76ec10e49c3a4a7,1294
    pantry-tree:
      size: 469
      sha256: c9c9a4627fa0066489c64316d615432c960c61998addc162c01f2262d7a9af6c
  original:
    hackage: csound-sampler-0.0.9.0@sha256:068c18b12d449c8acbf488c79b53cfa8a7cfc6c6275b8231d76ec10e49c3a4a7,1294
- completed:
    hackage: csound-expression-dynamic-0.3.3@sha256:03f99c095a1876fd1166ebf0f7e00834110d47765922774d625268c354c11c42,1375
    pantry-tree:
      size: 1266
      sha256: 151aa7ab6c3c8f443dcdbc1f93bdf759ec3282e34c642eeb31efda9487fb61a7
  original:
    hackage: csound-expression-dynamic-0.3.3@sha256:03f99c095a1876fd1166ebf0f7e00834110d47765922774d625268c354c11c42,1375
- completed:
    hackage: csound-expression-opcodes-0.0.4.0@sha256:9920f962790b8e58884914474a2c10719d685eaf6a5b14873001308b053901a6,1584
    pantry-tree:
      size: 2270
      sha256: c83be6ccfe680d8ae892f8b465402fb6794b4f0a679f79aa085264f5c74cbe62
  original:
    hackage: csound-expression-opcodes-0.0.4.0@sha256:9920f962790b8e58884914474a2c10719d685eaf6a5b14873001308b053901a6,1584
- completed:
    hackage: temporal-media-0.6.3@sha256:7a27d711a786c3dc9163433627e51efcc4b3fce3a947b71c29f3e388f37cae59,857
    pantry-tree:
      size: 282
      sha256: 97120e833d668b1b319d80c45c79c410df18907d069e00f8ca070cf1f1e68996
  original:
    hackage: temporal-media-0.6.3@sha256:7a27d711a786c3dc9163433627e51efcc4b3fce3a947b71c29f3e388f37cae59,857
- completed:
    hackage: wl-pprint-1.2.1@sha256:aea676cff4a062d7d912149d270e33f5bb0c01b68a9db46ff13b438141ff4b7c,734
    pantry-tree:
      size: 221
      sha256: 750b375c6fc33400551f9e32e26e41844c372270a9bc3571e912fa36df7c6d4f
  original:
    hackage: wl-pprint-1.2.1@sha256:aea676cff4a062d7d912149d270e33f5bb0c01b68a9db46ff13b438141ff4b7c,734
- completed:
    hackage: data-fix-cse-0.0.2@sha256:18fcb64d0fe1866bf1032f3ca9c7b20d3702aa35f5a383f33c84de849bb18a88,972
    pantry-tree:
      size: 502
      sha256: 0f7ff6b8f8e74c9c635589dac8775f0cc2899f48f1b6ada43023401b048db87f
  original:
    hackage: data-fix-cse-0.0.2@sha256:18fcb64d0fe1866bf1032f3ca9c7b20d3702aa35f5a383f33c84de849bb18a88,972
snapshots:
- completed:
    size: 524804
    url: https://raw.githubusercontent.com/commercialhaskell/stackage-snapshots/master/lts/14/16.yaml
    sha256: 4d1519a4372d051d47a5eae2241cf3fb54e113d7475f89707ddb6ec06add2888
  original: lts-14.16
